
Microsoft Visual Studio Solution File, Format Version 12.00
# Visual Studio Version 16
VisualStudioVersion = 16.0.30523.141
MinimumVisualStudioVersion = 10.0.40219.1
Project("{8BC9CEB8-8B4A-11D0-8D11-00A0C91BC942}") = "10952", "10952\10952.vcxproj", "{B4561E56-285C-4591-8E2E-F3C857236CF8}"
EndProject
Project("{8BC9CEB8-8B4A-11D0-8D11-00A0C91BC942}") = "10951", "10951\10951.vcxproj", "{BFB5C5DC-7320-4C20-BB98-BF3D16D328CD}"
EndProject
Project("{8BC9CEB8-8B4A-11D0-8D11-00A0C91BC942}") = "1110", "1110\1110.vcxproj", "{ABF8E342-E722-401E-9F5F-0273CA32EB9C}"
EndProject
Project("{8BC9CEB8-8B4A-11D0-8D11-00A0C91BC942}") = "10818", "10818\10818.vcxproj", "{E5B4072C-69B1-4BAA-8E62-BCCFCEB2542A}"
EndProject
Project("{8BC9CEB8-8B4A-11D0-8D11-00A0C91BC942}") = "2562", "2562\2562.vcxproj", "{9CB16EC8-9C42-4459-8C06-2B30E60AD1A8}"
EndProject
Project("{8BC9CEB8-8B4A-11D0-8D11-00A0C91BC942}") = "2577", "2577\2577.vcxproj", "{A61DF403-94EA-4B39-83AE-DBABA9A33A53}"
EndProject
Project("{8BC9CEB8-8B4A-11D0-8D11-00A0C91BC942}") = "3052", "3052\3052.vcxproj", "{4082B8AD-28CC-4651-9283-8666A803EF23}"
EndProject
Project("{8BC9CEB8-8B4A-11D0-8D11-00A0C91BC942}") = "1546", "1546\1546.vcxproj", "{F087BC12-F6D3-4047-9735-325BEEAB03E5}"
EndProject
Project("{8BC9CEB8-8B4A-11D0-8D11-00A0C91BC942}") = "8958", "8958\8958.vcxproj", "{D9F90265-7A7E-4BE4-B699-A3D4040EB71F}"
EndProject
Project("{8BC9CEB8-8B4A-11D0-8D11-00A0C91BC942}") = "4344", "4344\4344.vcxproj", "{0A35E78A-F366-40D6-B375-292EE14C001E}"
EndProject
Project("{8BC9CEB8-8B4A-11D0-8D11-00A0C91BC942}") = "15596", "15596\15596.vcxproj", "{361277A1-B17D-40C0-BCAD-8FF16227FFE6}"
EndProject
Project("{8BC9CEB8-8B4A-11D0-8D11-00A0C91BC942}") = "4673", "4673\4673.vcxproj", "{B8FA8E13-F54E-4C59-8516-F5D9CCC61BA5}"
EndProject
Project("{8BC9CEB8-8B4A-11D0-8D11-00A0C91BC942}") = "1065", "1065\1065.vcxproj", "{2EA0BDC3-E36E-49F3-A0E3-588E196C3599}"
EndProject
Project("{8BC9CEB8-8B4A-11D0-8D11-00A0C91BC942}") = "11654", "11654\11654.vcxproj", "{191F6748-6368-48AA-B0CF-3A3D5927CBBA}"
EndProject
Project("{8BC9CEB8-8B4A-11D0-8D11-00A0C91BC942}") = "11720", "11720\11720.vcxproj", "{CBE9B16C-18E9-4BAE-94E7-49A772178660}"
EndProject
Project("{8BC9CEB8-8B4A-11D0-8D11-00A0C91BC942}") = "10809", "10809\10809.vcxproj", "{6D4ADDC2-FA08-47F5-BF48-9C7B68F5676C}"
EndProject
Project("{8BC9CEB8-8B4A-11D0-8D11-00A0C91BC942}") = "2675", "2675\2675.vcxproj", "{02357DBA-5744-4CAA-87C0-D95F4FA80994}"
EndProject
Global
	GlobalSection(SolutionConfigurationPlatforms) = preSolution
		Debug|x64 = Debug|x64
		Debug|x86 = Debug|x86
		Release|x64 = Release|x64
		Release|x86 = Release|x86
	EndGlobalSection
	GlobalSection(ProjectConfigurationPlatforms) = postSolution
		{B4561E56-285C-4591-8E2E-F3C857236CF8}.Debug|x64.ActiveCfg = Debug|x64
		{B4561E56-285C-4591-8E2E-F3C857236CF8}.Debug|x64.Build.0 = Debug|x64
		{B4561E56-285C-4591-8E2E-F3C857236CF8}.Debug|x86.ActiveCfg = Debug|Win32
		{B4561E56-285C-4591-8E2E-F3C857236CF8}.Debug|x86.Build.0 = Debug|Win32
		{B4561E56-285C-4591-8E2E-F3C857236CF8}.Release|x64.ActiveCfg = Release|x64
		{B4561E56-285C-4591-8E2E-F3C857236CF8}.Release|x64.Build.0 = Release|x64
		{B4561E56-285C-4591-8E2E-F3C857236CF8}.Release|x86.ActiveCfg = Release|Win32
		{B4561E56-285C-4591-8E2E-F3C857236CF8}.Release|x86.Build.0 = Release|Win32
		{BFB5C5DC-7320-4C20-BB98-BF3D16D328CD}.Debug|x64.ActiveCfg = Debug|x64
		{BFB5C5DC-7320-4C20-BB98-BF3D16D328CD}.Debug|x64.Build.0 = Debug|x64
		{BFB5C5DC-7320-4C20-BB98-BF3D16D328CD}.Debug|x86.ActiveCfg = Debug|Win32
		{BFB5C5DC-7320-4C20-BB98-BF3D16D328CD}.Debug|x86.Build.0 = Debug|Win32
		{BFB5C5DC-7320-4C20-BB98-BF3D16D328CD}.Release|x64.ActiveCfg = Release|x64
		{BFB5C5DC-7320-4C20-BB98-BF3D16D328CD}.Release|x64.Build.0 = Release|x64
		{BFB5C5DC-7320-4C20-BB98-BF3D16D328CD}.Release|x86.ActiveCfg = Release|Win32
		{BFB5C5DC-7320-4C20-BB98-BF3D16D328CD}.Release|x86.Build.0 = Release|Win32
		{ABF8E342-E722-401E-9F5F-0273CA32EB9C}.Debug|x64.ActiveCfg = Debug|x64
		{ABF8E342-E722-401E-9F5F-0273CA32EB9C}.Debug|x64.Build.0 = Debug|x64
		{ABF8E342-E722-401E-9F5F-0273CA32EB9C}.Debug|x86.ActiveCfg = Debug|Win32
		{ABF8E342-E722-401E-9F5F-0273CA32EB9C}.Debug|x86.Build.0 = Debug|Win32
		{ABF8E342-E722-401E-9F5F-0273CA32EB9C}.Release|x64.ActiveCfg = Release|x64
		{ABF8E342-E722-401E-9F5F-0273CA32EB9C}.Release|x64.Build.0 = Release|x64
		{ABF8E342-E722-401E-9F5F-0273CA32EB9C}.Release|x86.ActiveCfg = Release|Win32
		{ABF8E342-E722-401E-9F5F-0273CA32EB9C}.Release|x86.Build.0 = Release|Win32
		{E5B4072C-69B1-4BAA-8E62-BCCFCEB2542A}.Debug|x64.ActiveCfg = Debug|x64
		{E5B4072C-69B1-4BAA-8E62-BCCFCEB2542A}.Debug|x64.Build.0 = Debug|x64
		{E5B4072C-69B1-4BAA-8E62-BCCFCEB2542A}.Debug|x86.ActiveCfg = Debug|Win32
		{E5B4072C-69B1-4BAA-8E62-BCCFCEB2542A}.Debug|x86.Build.0 = Debug|Win32
		{E5B4072C-69B1-4BAA-8E62-BCCFCEB2542A}.Release|x64.ActiveCfg = Release|x64
		{E5B4072C-69B1-4BAA-8E62-BCCFCEB2542A}.Release|x64.Build.0 = Release|x64
		{E5B4072C-69B1-4BAA-8E62-BCCFCEB2542A}.Release|x86.ActiveCfg = Release|Win32
		{E5B4072C-69B1-4BAA-8E62-BCCFCEB2542A}.Release|x86.Build.0 = Release|Win32
		{9CB16EC8-9C42-4459-8C06-2B30E60AD1A8}.Debug|x64.ActiveCfg = Debug|x64
		{9CB16EC8-9C42-4459-8C06-2B30E60AD1A8}.Debug|x64.Build.0 = Debug|x64
		{9CB16EC8-9C42-4459-8C06-2B30E60AD1A8}.Debug|x86.ActiveCfg = Debug|Win32
		{9CB16EC8-9C42-4459-8C06-2B30E60AD1A8}.Debug|x86.Build.0 = Debug|Win32
		{9CB16EC8-9C42-4459-8C06-2B30E60AD1A8}.Release|x64.ActiveCfg = Release|x64
		{9CB16EC8-9C42-4459-8C06-2B30E60AD1A8}.Release|x64.Build.0 = Release|x64
		{9CB16EC8-9C42-4459-8C06-2B30E60AD1A8}.Release|x86.ActiveCfg = Release|Win32
		{9CB16EC8-9C42-4459-8C06-2B30E60AD1A8}.Release|x86.Build.0 = Release|Win32
		{A61DF403-94EA-4B39-83AE-DBABA9A33A53}.Debug|x64.ActiveCfg = Debug|x64
		{A61DF403-94EA-4B39-83AE-DBABA9A33A53}.Debug|x64.Build.0 = Debug|x64
		{A61DF403-94EA-4B39-83AE-DBABA9A33A53}.Debug|x86.ActiveCfg = Debug|Win32
		{A61DF403-94EA-4B39-83AE-DBABA9A33A53}.Debug|x86.Build.0 = Debug|Win32
		{A61DF403-94EA-4B39-83AE-DBABA9A33A53}.Release|x64.ActiveCfg = Release|x64
		{A61DF403-94EA-4B39-83AE-DBABA9A33A53}.Release|x64.Build.0 = Release|x64
		{A61DF403-94EA-4B39-83AE-DBABA9A33A53}.Release|x86.ActiveCfg = Release|Win32
		{A61DF403-94EA-4B39-83AE-DBABA9A33A53}.Release|x86.Build.0 = Release|Win32
		{4082B8AD-28CC-4651-9283-8666A803EF23}.Debug|x64.ActiveCfg = Debug|x64
		{4082B8AD-28CC-4651-9283-8666A803EF23}.Debug|x64.Build.0 = Debug|x64
		{4082B8AD-28CC-4651-9283-8666A803EF23}.Debug|x86.ActiveCfg = Debug|Win32
		{4082B8AD-28CC-4651-9283-8666A803EF23}.Debug|x86.Build.0 = Debug|Win32
		{4082B8AD-28CC-4651-9283-8666A803EF23}.Release|x64.ActiveCfg = Release|x64
		{4082B8AD-28CC-4651-9283-8666A803EF23}.Release|x64.Build.0 = Release|x64
		{4082B8AD-28CC-4651-9283-8666A803EF23}.Release|x86.ActiveCfg = Release|Win32
		{4082B8AD-28CC-4651-9283-8666A803EF23}.Release|x86.Build.0 = Release|Win32
		{F087BC12-F6D3-4047-9735-325BEEAB03E5}.Debug|x64.ActiveCfg = Debug|x64
		{F087BC12-F6D3-4047-9735-325BEEAB03E5}.Debug|x64.Build.0 = Debug|x64
		{F087BC12-F6D3-4047-9735-325BEEAB03E5}.Debug|x86.ActiveCfg = Debug|Win32
		{F087BC12-F6D3-4047-9735-325BEEAB03E5}.Debug|x86.Build.0 = Debug|Win32
		{F087BC12-F6D3-4047-9735-325BEEAB03E5}.Release|x64.ActiveCfg = Release|x64
		{F087BC12-F6D3-4047-9735-325BEEAB03E5}.Release|x64.Build.0 = Release|x64
		{F087BC12-F6D3-4047-9735-325BEEAB03E5}.Release|x86.ActiveCfg = Release|Win32
		{F087BC12-F6D3-4047-9735-325BEEAB03E5}.Release|x86.Build.0 = Release|Win32
		{D9F90265-7A7E-4BE4-B699-A3D4040EB71F}.Debug|x64.ActiveCfg = Debug|x64
		{D9F90265-7A7E-4BE4-B699-A3D4040EB71F}.Debug|x64.Build.0 = Debug|x64
		{D9F90265-7A7E-4BE4-B699-A3D4040EB71F}.Debug|x86.ActiveCfg = Debug|Win32
		{D9F90265-7A7E-4BE4-B699-A3D4040EB71F}.Debug|x86.Build.0 = Debug|Win32
		{D9F90265-7A7E-4BE4-B699-A3D4040EB71F}.Release|x64.ActiveCfg = Release|x64
		{D9F90265-7A7E-4BE4-B699-A3D4040EB71F}.Release|x64.Build.0 = Release|x64
		{D9F90265-7A7E-4BE4-B699-A3D4040EB71F}.Release|x86.ActiveCfg = Release|Win32
		{D9F90265-7A7E-4BE4-B699-A3D4040EB71F}.Release|x86.Build.0 = Release|Win32
		{0A35E78A-F366-40D6-B375-292EE14C001E}.Debug|x64.ActiveCfg = Debug|x64
		{0A35E78A-F366-40D6-B375-292EE14C001E}.Debug|x64.Build.0 = Debug|x64
		{0A35E78A-F366-40D6-B375-292EE14C001E}.Debug|x86.ActiveCfg = Debug|Win32
		{0A35E78A-F366-40D6-B375-292EE14C001E}.Debug|x86.Build.0 = Debug|Win32
		{0A35E78A-F366-40D6-B375-292EE14C001E}.Release|x64.ActiveCfg = Release|x64
		{0A35E78A-F366-40D6-B375-292EE14C001E}.Release|x64.Build.0 = Release|x64
		{0A35E78A-F366-40D6-B375-292EE14C001E}.Release|x86.ActiveCfg = Release|Win32
		{0A35E78A-F366-40D6-B375-292EE14C001E}.Release|x86.Build.0 = Release|Win32
		{361277A1-B17D-40C0-BCAD-8FF16227FFE6}.Debug|x64.ActiveCfg = Debug|x64
		{361277A1-B17D-40C0-BCAD-8FF16227FFE6}.Debug|x64.Build.0 = Debug|x64
		{361277A1-B17D-40C0-BCAD-8FF16227FFE6}.Debug|x86.ActiveCfg = Debug|Win32
		{361277A1-B17D-40C0-BCAD-8FF16227FFE6}.Debug|x86.Build.0 = Debug|Win32
		{361277A1-B17D-40C0-BCAD-8FF16227FFE6}.Release|x64.ActiveCfg = Release|x64
		{361277A1-B17D-40C0-BCAD-8FF16227FFE6}.Release|x64.Build.0 = Release|x64
		{361277A1-B17D-40C0-BCAD-8FF16227FFE6}.Release|x86.ActiveCfg = Release|Win32
		{361277A1-B17D-40C0-BCAD-8FF16227FFE6}.Release|x86.Build.0 = Release|Win32
		{B8FA8E13-F54E-4C59-8516-F5D9CCC61BA5}.Debug|x64.ActiveCfg = Debug|x64
		{B8FA8E13-F54E-4C59-8516-F5D9CCC61BA5}.Debug|x64.Build.0 = Debug|x64
		{B8FA8E13-F54E-4C59-8516-F5D9CCC61BA5}.Debug|x86.ActiveCfg = Debug|Win32
		{B8FA8E13-F54E-4C59-8516-F5D9CCC61BA5}.Debug|x86.Build.0 = Debug|Win32
		{B8FA8E13-F54E-4C59-8516-F5D9CCC61BA5}.Release|x64.ActiveCfg = Release|x64
		{B8FA8E13-F54E-4C59-8516-F5D9CCC61BA5}.Release|x64.Build.0 = Release|x64
		{B8FA8E13-F54E-4C59-8516-F5D9CCC61BA5}.Release|x86.ActiveCfg = Release|Win32
		{B8FA8E13-F54E-4C59-8516-F5D9CCC61BA5}.Release|x86.Build.0 = Release|Win32
		{2EA0BDC3-E36E-49F3-A0E3-588E196C3599}.Debug|x64.ActiveCfg = Debug|x64
		{2EA0BDC3-E36E-49F3-A0E3-588E196C3599}.Debug|x64.Build.0 = Debug|x64
		{2EA0BDC3-E36E-49F3-A0E3-588E196C3599}.Debug|x86.ActiveCfg = Debug|Win32
		{2EA0BDC3-E36E-49F3-A0E3-588E196C3599}.Debug|x86.Build.0 = Debug|Win32
		{2EA0BDC3-E36E-49F3-A0E3-588E196C3599}.Release|x64.ActiveCfg = Release|x64
		{2EA0BDC3-E36E-49F3-A0E3-588E196C3599}.Release|x64.Build.0 = Release|x64
		{2EA0BDC3-E36E-49F3-A0E3-588E196C3599}.Release|x86.ActiveCfg = Release|Win32
		{2EA0BDC3-E36E-49F3-A0E3-588E196C3599}.Release|x86.Build.0 = Release|Win32
		{191F6748-6368-48AA-B0CF-3A3D5927CBBA}.Debug|x64.ActiveCfg = Debug|x64
		{191F6748-6368-48AA-B0CF-3A3D5927CBBA}.Debug|x64.Build.0 = Debug|x64
		{191F6748-6368-48AA-B0CF-3A3D5927CBBA}.Debug|x86.ActiveCfg = Debug|Win32
		{191F6748-6368-48AA-B0CF-3A3D5927CBBA}.Debug|x86.Build.0 = Debug|Win32
		{191F6748-6368-48AA-B0CF-3A3D5927CBBA}.Release|x64.ActiveCfg = Release|x64
		{191F6748-6368-48AA-B0CF-3A3D5927CBBA}.Release|x64.Build.0 = Release|x64
		{191F6748-6368-48AA-B0CF-3A3D5927CBBA}.Release|x86.ActiveCfg = Release|Win32
		{191F6748-6368-48AA-B0CF-3A3D5927CBBA}.Release|x86.Build.0 = Release|Win32
		{CBE9B16C-18E9-4BAE-94E7-49A772178660}.Debug|x64.ActiveCfg = Debug|x64
		{CBE9B16C-18E9-4BAE-94E7-49A772178660}.Debug|x64.Build.0 = Debug|x64
		{CBE9B16C-18E9-4BAE-94E7-49A772178660}.Debug|x86.ActiveCfg = Debug|Win32
		{CBE9B16C-18E9-4BAE-94E7-49A772178660}.Debug|x86.Build.0 = Debug|Win32
		{CBE9B16C-18E9-4BAE-94E7-49A772178660}.Release|x64.ActiveCfg = Release|x64
		{CBE9B16C-18E9-4BAE-94E7-49A772178660}.Release|x64.Build.0 = Release|x64
		{CBE9B16C-18E9-4BAE-94E7-49A772178660}.Release|x86.ActiveCfg = Release|Win32
		{CBE9B16C-18E9-4BAE-94E7-49A772178660}.Release|x86.Build.0 = Release|Win32
		{6D4ADDC2-FA08-47F5-BF48-9C7B68F5676C}.Debug|x64.ActiveCfg = Debug|x64
		{6D4ADDC2-FA08-47F5-BF48-9C7B68F5676C}.Debug|x64.Build.0 = Debug|x64
		{6D4ADDC2-FA08-47F5-BF48-9C7B68F5676C}.Debug|x86.ActiveCfg = Debug|Win32
		{6D4ADDC2-FA08-47F5-BF48-9C7B68F5676C}.Debug|x86.Build.0 = Debug|Win32
		{6D4ADDC2-FA08-47F5-BF48-9C7B68F5676C}.Release|x64.ActiveCfg = Release|x64
		{6D4ADDC2-FA08-47F5-BF48-9C7B68F5676C}.Release|x64.Build.0 = Release|x64
		{6D4ADDC2-FA08-47F5-BF48-9C7B68F5676C}.Release|x86.ActiveCfg = Release|Win32
		{6D4ADDC2-FA08-47F5-BF48-9C7B68F5676C}.Release|x86.Build.0 = Release|Win32
		{02357DBA-5744-4CAA-87C0-D95F4FA80994}.Debug|x64.ActiveCfg = Debug|x64
		{02357DBA-5744-4CAA-87C0-D95F4FA80994}.Debug|x64.Build.0 = Debug|x64
		{02357DBA-5744-4CAA-87C0-D95F4FA80994}.Debug|x86.ActiveCfg = Debug|Win32
		{02357DBA-5744-4CAA-87C0-D95F4FA80994}.Debug|x86.Build.0 = Debug|Win32
		{02357DBA-5744-4CAA-87C0-D95F4FA80994}.Release|x64.ActiveCfg = Release|x64
		{02357DBA-5744-4CAA-87C0-D95F4FA80994}.Release|x64.Build.0 = Release|x64
		{02357DBA-5744-4CAA-87C0-D95F4FA80994}.Release|x86.ActiveCfg = Release|Win32
		{02357DBA-5744-4CAA-87C0-D95F4FA80994}.Release|x86.Build.0 = Release|Win32
	EndGlobalSection
	GlobalSection(SolutionProperties) = preSolution
		HideSolutionNode = FALSE
	EndGlobalSection
	GlobalSection(ExtensibilityGlobals) = postSolution
		SolutionGuid = {B0E39990-3C4D-49D9-AB01-89C0ABA3149E}
	EndGlobalSection
EndGlobal
