
Microsoft Visual Studio Solution File, Format Version 12.00
# Visual Studio Version 16
VisualStudioVersion = 16.0.30523.141
MinimumVisualStudioVersion = 10.0.40219.1
Project("{8BC9CEB8-8B4A-11D0-8D11-00A0C91BC942}") = "10952", "10952\10952.vcxproj", "{B4561E56-285C-4591-8E2E-F3C857236CF8}"
EndProject
Project("{8BC9CEB8-8B4A-11D0-8D11-00A0C91BC942}") = "10951", "10951\10951.vcxproj", "{BFB5C5DC-7320-4C20-BB98-BF3D16D328CD}"
EndProject
Project("{8BC9CEB8-8B4A-11D0-8D11-00A0C91BC942}") = "1110", "1110\1110.vcxproj", "{ABF8E342-E722-401E-9F5F-0273CA32EB9C}"
EndProject
Project("{8BC9CEB8-8B4A-11D0-8D11-00A0C91BC942}") = "10818", "10818\10818.vcxproj", "{E5B4072C-69B1-4BAA-8E62-BCCFCEB2542A}"
EndProject
Project("{8BC9CEB8-8B4A-11D0-8D11-00A0C91BC942}") = "2562", "2562\2562.vcxproj", "{9CB16EC8-9C42-4459-8C06-2B30E60AD1A8}"
EndProject
Project("{8BC9CEB8-8B4A-11D0-8D11-00A0C91BC942}") = "2577", "2577\2577.vcxproj", "{A61DF403-94EA-4B39-83AE-DBABA9A33A53}"
EndProject
Project("{8BC9CEB8-8B4A-11D0-8D11-00A0C91BC942}") = "3052", "3052\3052.vcxproj", "{4082B8AD-28CC-4651-9283-8666A803EF23}"
EndProject
Project("{8BC9CEB8-8B4A-11D0-8D11-00A0C91BC942}") = "1546", "1546\1546.vcxproj", "{F087BC12-F6D3-4047-9735-325BEEAB03E5}"
EndProject
Project("{8BC9CEB8-8B4A-11D0-8D11-00A0C91BC942}") = "8958", "8958\8958.vcxproj", "{D9F90265-7A7E-4BE4-B699-A3D4040EB71F}"
EndProject
Project("{8BC9CEB8-8B4A-11D0-8D11-00A0C91BC942}") = "4344", "4344\4344.vcxproj", "{0A35E78A-F366-40D6-B375-292EE14C001E}"
EndProject
Project("{8BC9CEB8-8B4A-11D0-8D11-00A0C91BC942}") = "15596", "15596\15596.vcxproj", "{361277A1-B17D-40C0-BCAD-8FF16227FFE6}"
EndProject
Project("{8BC9CEB8-8B4A-11D0-8D11-00A0C91BC942}") = "4673", "4673\4673.vcxproj", "{B8FA8E13-F54E-4C59-8516-F5D9CCC61BA5}"
EndProject
Project("{8BC9CEB8-8B4A-11D0-8D11-00A0C91BC942}") = "1065", "1065\1065.vcxproj", "{2EA0BDC3-E36E-49F3-A0E3-588E196C3599}"
EndProject
Project("{8BC9CEB8-8B4A-11D0-8D11-00A0C91BC942}") = "11654", "11654\11654.vcxproj", "{191F6748-6368-48AA-B0CF-3A3D5927CBBA}"
EndProject
Project("{8BC9CEB8-8B4A-11D0-8D11-00A0C91BC942}") = "11720", "11720\11720.vcxproj", "{CBE9B16C-18E9-4BAE-94E7-49A772178660}"
EndProject
Project("{8BC9CEB8-8B4A-11D0-8D11-00A0C91BC942}") = "10809", "10809\10809.vcxproj", "{6D4ADDC2-FA08-47F5-BF48-9C7B68F5676C}"
EndProject
Project("{8BC9CEB8-8B4A-11D0-8D11-00A0C91BC942}") = "2675", "2675\2675.vcxproj", "{02357DBA-5744-4CAA-87C0-D95F4FA80994}"
EndProject
Project("{8BC9CEB8-8B4A-11D0-8D11-00A0C91BC942}") = "1157", "1157\1157.vcxproj", "{C3BAFE88-958F-4EAA-BDF2-54A90233B9DE}"
EndProject
Project("{8BC9CEB8-8B4A-11D0-8D11-00A0C91BC942}") = "1152", "1152\1152.vcxproj", "{9209F50E-57A3-46C7-B010-3366FF1722D1}"
EndProject
Project("{8BC9CEB8-8B4A-11D0-8D11-00A0C91BC942}") = "2908", "2908\2908.vcxproj", "{EE3D4DE1-332E-4079-A980-217144E8AE82}"
EndProject
Project("{8BC9CEB8-8B4A-11D0-8D11-00A0C91BC942}") = "5622", "5622\5622.vcxproj", "{0CAA9A47-45B8-4A32-AFD9-12A46DBE229B}"
EndProject
Project("{8BC9CEB8-8B4A-11D0-8D11-00A0C91BC942}") = "2941", "2941\2941.vcxproj", "{8DE46B90-D327-46A6-87A9-A0FA2F640061}"
EndProject
Project("{8BC9CEB8-8B4A-11D0-8D11-00A0C91BC942}") = "1316", "1316\1316.vcxproj", "{D1D7F8B3-3082-4827-9A0B-6A05DEE78844}"
EndProject
Project("{8BC9CEB8-8B4A-11D0-8D11-00A0C91BC942}") = "1712", "1712\1712.vcxproj", "{74429D45-A81E-4B86-9CFC-4645CD55E98C}"
EndProject
Project("{8BC9CEB8-8B4A-11D0-8D11-00A0C91BC942}") = "2839", "2839\2839.vcxproj", "{546033C9-8373-48F0-A6A0-8145495727D9}"
EndProject
Project("{8BC9CEB8-8B4A-11D0-8D11-00A0C91BC942}") = "2292", "2292\2292.vcxproj", "{08335F6F-BDD0-4E92-8F0D-01723F94B525}"
EndProject
Project("{8BC9CEB8-8B4A-11D0-8D11-00A0C91BC942}") = "1193", "1193\1193.vcxproj", "{71A657B4-1522-4390-AD1B-D1921AE290F1}"
EndProject
Project("{8BC9CEB8-8B4A-11D0-8D11-00A0C91BC942}") = "2869", "2869\2869.vcxproj", "{75C6CF4C-A4BF-4F7E-B64B-E791BD3AF64D}"
EndProject
Project("{8BC9CEB8-8B4A-11D0-8D11-00A0C91BC942}") = "10250", "10250\10250.vcxproj", "{3DC47FC4-D50D-4EA5-B6EE-AC87FA41C472}"
EndProject
Project("{8BC9CEB8-8B4A-11D0-8D11-00A0C91BC942}") = "2775", "2775\2775.vcxproj", "{1FF97B07-FE33-4D71-9A46-DDDF378552FB}"
EndProject
Project("{8BC9CEB8-8B4A-11D0-8D11-00A0C91BC942}") = "1978", "1978\1978.vcxproj", "{1BCBEBCF-AD05-4E23-970C-F65DCEA9A1C7}"
EndProject
Global
	GlobalSection(SolutionConfigurationPlatforms) = preSolution
		Debug|x64 = Debug|x64
		Debug|x86 = Debug|x86
		Release|x64 = Release|x64
		Release|x86 = Release|x86
	EndGlobalSection
	GlobalSection(ProjectConfigurationPlatforms) = postSolution
		{B4561E56-285C-4591-8E2E-F3C857236CF8}.Debug|x64.ActiveCfg = Debug|x64
		{B4561E56-285C-4591-8E2E-F3C857236CF8}.Debug|x64.Build.0 = Debug|x64
		{B4561E56-285C-4591-8E2E-F3C857236CF8}.Debug|x86.ActiveCfg = Debug|Win32
		{B4561E56-285C-4591-8E2E-F3C857236CF8}.Debug|x86.Build.0 = Debug|Win32
		{B4561E56-285C-4591-8E2E-F3C857236CF8}.Release|x64.ActiveCfg = Release|x64
		{B4561E56-285C-4591-8E2E-F3C857236CF8}.Release|x64.Build.0 = Release|x64
		{B4561E56-285C-4591-8E2E-F3C857236CF8}.Release|x86.ActiveCfg = Release|Win32
		{B4561E56-285C-4591-8E2E-F3C857236CF8}.Release|x86.Build.0 = Release|Win32
		{BFB5C5DC-7320-4C20-BB98-BF3D16D328CD}.Debug|x64.ActiveCfg = Debug|x64
		{BFB5C5DC-7320-4C20-BB98-BF3D16D328CD}.Debug|x64.Build.0 = Debug|x64
		{BFB5C5DC-7320-4C20-BB98-BF3D16D328CD}.Debug|x86.ActiveCfg = Debug|Win32
		{BFB5C5DC-7320-4C20-BB98-BF3D16D328CD}.Debug|x86.Build.0 = Debug|Win32
		{BFB5C5DC-7320-4C20-BB98-BF3D16D328CD}.Release|x64.ActiveCfg = Release|x64
		{BFB5C5DC-7320-4C20-BB98-BF3D16D328CD}.Release|x64.Build.0 = Release|x64
		{BFB5C5DC-7320-4C20-BB98-BF3D16D328CD}.Release|x86.ActiveCfg = Release|Win32
		{BFB5C5DC-7320-4C20-BB98-BF3D16D328CD}.Release|x86.Build.0 = Release|Win32
		{ABF8E342-E722-401E-9F5F-0273CA32EB9C}.Debug|x64.ActiveCfg = Debug|x64
		{ABF8E342-E722-401E-9F5F-0273CA32EB9C}.Debug|x64.Build.0 = Debug|x64
		{ABF8E342-E722-401E-9F5F-0273CA32EB9C}.Debug|x86.ActiveCfg = Debug|Win32
		{ABF8E342-E722-401E-9F5F-0273CA32EB9C}.Debug|x86.Build.0 = Debug|Win32
		{ABF8E342-E722-401E-9F5F-0273CA32EB9C}.Release|x64.ActiveCfg = Release|x64
		{ABF8E342-E722-401E-9F5F-0273CA32EB9C}.Release|x64.Build.0 = Release|x64
		{ABF8E342-E722-401E-9F5F-0273CA32EB9C}.Release|x86.ActiveCfg = Release|Win32
		{ABF8E342-E722-401E-9F5F-0273CA32EB9C}.Release|x86.Build.0 = Release|Win32
		{E5B4072C-69B1-4BAA-8E62-BCCFCEB2542A}.Debug|x64.ActiveCfg = Debug|x64
		{E5B4072C-69B1-4BAA-8E62-BCCFCEB2542A}.Debug|x64.Build.0 = Debug|x64
		{E5B4072C-69B1-4BAA-8E62-BCCFCEB2542A}.Debug|x86.ActiveCfg = Debug|Win32
		{E5B4072C-69B1-4BAA-8E62-BCCFCEB2542A}.Debug|x86.Build.0 = Debug|Win32
		{E5B4072C-69B1-4BAA-8E62-BCCFCEB2542A}.Release|x64.ActiveCfg = Release|x64
		{E5B4072C-69B1-4BAA-8E62-BCCFCEB2542A}.Release|x64.Build.0 = Release|x64
		{E5B4072C-69B1-4BAA-8E62-BCCFCEB2542A}.Release|x86.ActiveCfg = Release|Win32
		{E5B4072C-69B1-4BAA-8E62-BCCFCEB2542A}.Release|x86.Build.0 = Release|Win32
		{9CB16EC8-9C42-4459-8C06-2B30E60AD1A8}.Debug|x64.ActiveCfg = Debug|x64
		{9CB16EC8-9C42-4459-8C06-2B30E60AD1A8}.Debug|x64.Build.0 = Debug|x64
		{9CB16EC8-9C42-4459-8C06-2B30E60AD1A8}.Debug|x86.ActiveCfg = Debug|Win32
		{9CB16EC8-9C42-4459-8C06-2B30E60AD1A8}.Debug|x86.Build.0 = Debug|Win32
		{9CB16EC8-9C42-4459-8C06-2B30E60AD1A8}.Release|x64.ActiveCfg = Release|x64
		{9CB16EC8-9C42-4459-8C06-2B30E60AD1A8}.Release|x64.Build.0 = Release|x64
		{9CB16EC8-9C42-4459-8C06-2B30E60AD1A8}.Release|x86.ActiveCfg = Release|Win32
		{9CB16EC8-9C42-4459-8C06-2B30E60AD1A8}.Release|x86.Build.0 = Release|Win32
		{A61DF403-94EA-4B39-83AE-DBABA9A33A53}.Debug|x64.ActiveCfg = Debug|x64
		{A61DF403-94EA-4B39-83AE-DBABA9A33A53}.Debug|x64.Build.0 = Debug|x64
		{A61DF403-94EA-4B39-83AE-DBABA9A33A53}.Debug|x86.ActiveCfg = Debug|Win32
		{A61DF403-94EA-4B39-83AE-DBABA9A33A53}.Debug|x86.Build.0 = Debug|Win32
		{A61DF403-94EA-4B39-83AE-DBABA9A33A53}.Release|x64.ActiveCfg = Release|x64
		{A61DF403-94EA-4B39-83AE-DBABA9A33A53}.Release|x64.Build.0 = Release|x64
		{A61DF403-94EA-4B39-83AE-DBABA9A33A53}.Release|x86.ActiveCfg = Release|Win32
		{A61DF403-94EA-4B39-83AE-DBABA9A33A53}.Release|x86.Build.0 = Release|Win32
		{4082B8AD-28CC-4651-9283-8666A803EF23}.Debug|x64.ActiveCfg = Debug|x64
		{4082B8AD-28CC-4651-9283-8666A803EF23}.Debug|x64.Build.0 = Debug|x64
		{4082B8AD-28CC-4651-9283-8666A803EF23}.Debug|x86.ActiveCfg = Debug|Win32
		{4082B8AD-28CC-4651-9283-8666A803EF23}.Debug|x86.Build.0 = Debug|Win32
		{4082B8AD-28CC-4651-9283-8666A803EF23}.Release|x64.ActiveCfg = Release|x64
		{4082B8AD-28CC-4651-9283-8666A803EF23}.Release|x64.Build.0 = Release|x64
		{4082B8AD-28CC-4651-9283-8666A803EF23}.Release|x86.ActiveCfg = Release|Win32
		{4082B8AD-28CC-4651-9283-8666A803EF23}.Release|x86.Build.0 = Release|Win32
		{F087BC12-F6D3-4047-9735-325BEEAB03E5}.Debug|x64.ActiveCfg = Debug|x64
		{F087BC12-F6D3-4047-9735-325BEEAB03E5}.Debug|x64.Build.0 = Debug|x64
		{F087BC12-F6D3-4047-9735-325BEEAB03E5}.Debug|x86.ActiveCfg = Debug|Win32
		{F087BC12-F6D3-4047-9735-325BEEAB03E5}.Debug|x86.Build.0 = Debug|Win32
		{F087BC12-F6D3-4047-9735-325BEEAB03E5}.Release|x64.ActiveCfg = Release|x64
		{F087BC12-F6D3-4047-9735-325BEEAB03E5}.Release|x64.Build.0 = Release|x64
		{F087BC12-F6D3-4047-9735-325BEEAB03E5}.Release|x86.ActiveCfg = Release|Win32
		{F087BC12-F6D3-4047-9735-325BEEAB03E5}.Release|x86.Build.0 = Release|Win32
		{D9F90265-7A7E-4BE4-B699-A3D4040EB71F}.Debug|x64.ActiveCfg = Debug|x64
		{D9F90265-7A7E-4BE4-B699-A3D4040EB71F}.Debug|x64.Build.0 = Debug|x64
		{D9F90265-7A7E-4BE4-B699-A3D4040EB71F}.Debug|x86.ActiveCfg = Debug|Win32
		{D9F90265-7A7E-4BE4-B699-A3D4040EB71F}.Debug|x86.Build.0 = Debug|Win32
		{D9F90265-7A7E-4BE4-B699-A3D4040EB71F}.Release|x64.ActiveCfg = Release|x64
		{D9F90265-7A7E-4BE4-B699-A3D4040EB71F}.Release|x64.Build.0 = Release|x64
		{D9F90265-7A7E-4BE4-B699-A3D4040EB71F}.Release|x86.ActiveCfg = Release|Win32
		{D9F90265-7A7E-4BE4-B699-A3D4040EB71F}.Release|x86.Build.0 = Release|Win32
		{0A35E78A-F366-40D6-B375-292EE14C001E}.Debug|x64.ActiveCfg = Debug|x64
		{0A35E78A-F366-40D6-B375-292EE14C001E}.Debug|x64.Build.0 = Debug|x64
		{0A35E78A-F366-40D6-B375-292EE14C001E}.Debug|x86.ActiveCfg = Debug|Win32
		{0A35E78A-F366-40D6-B375-292EE14C001E}.Debug|x86.Build.0 = Debug|Win32
		{0A35E78A-F366-40D6-B375-292EE14C001E}.Release|x64.ActiveCfg = Release|x64
		{0A35E78A-F366-40D6-B375-292EE14C001E}.Release|x64.Build.0 = Release|x64
		{0A35E78A-F366-40D6-B375-292EE14C001E}.Release|x86.ActiveCfg = Release|Win32
		{0A35E78A-F366-40D6-B375-292EE14C001E}.Release|x86.Build.0 = Release|Win32
		{361277A1-B17D-40C0-BCAD-8FF16227FFE6}.Debug|x64.ActiveCfg = Debug|x64
		{361277A1-B17D-40C0-BCAD-8FF16227FFE6}.Debug|x64.Build.0 = Debug|x64
		{361277A1-B17D-40C0-BCAD-8FF16227FFE6}.Debug|x86.ActiveCfg = Debug|Win32
		{361277A1-B17D-40C0-BCAD-8FF16227FFE6}.Debug|x86.Build.0 = Debug|Win32
		{361277A1-B17D-40C0-BCAD-8FF16227FFE6}.Release|x64.ActiveCfg = Release|x64
		{361277A1-B17D-40C0-BCAD-8FF16227FFE6}.Release|x64.Build.0 = Release|x64
		{361277A1-B17D-40C0-BCAD-8FF16227FFE6}.Release|x86.ActiveCfg = Release|Win32
		{361277A1-B17D-40C0-BCAD-8FF16227FFE6}.Release|x86.Build.0 = Release|Win32
		{B8FA8E13-F54E-4C59-8516-F5D9CCC61BA5}.Debug|x64.ActiveCfg = Debug|x64
		{B8FA8E13-F54E-4C59-8516-F5D9CCC61BA5}.Debug|x64.Build.0 = Debug|x64
		{B8FA8E13-F54E-4C59-8516-F5D9CCC61BA5}.Debug|x86.ActiveCfg = Debug|Win32
		{B8FA8E13-F54E-4C59-8516-F5D9CCC61BA5}.Debug|x86.Build.0 = Debug|Win32
		{B8FA8E13-F54E-4C59-8516-F5D9CCC61BA5}.Release|x64.ActiveCfg = Release|x64
		{B8FA8E13-F54E-4C59-8516-F5D9CCC61BA5}.Release|x64.Build.0 = Release|x64
		{B8FA8E13-F54E-4C59-8516-F5D9CCC61BA5}.Release|x86.ActiveCfg = Release|Win32
		{B8FA8E13-F54E-4C59-8516-F5D9CCC61BA5}.Release|x86.Build.0 = Release|Win32
		{2EA0BDC3-E36E-49F3-A0E3-588E196C3599}.Debug|x64.ActiveCfg = Debug|x64
		{2EA0BDC3-E36E-49F3-A0E3-588E196C3599}.Debug|x64.Build.0 = Debug|x64
		{2EA0BDC3-E36E-49F3-A0E3-588E196C3599}.Debug|x86.ActiveCfg = Debug|Win32
		{2EA0BDC3-E36E-49F3-A0E3-588E196C3599}.Debug|x86.Build.0 = Debug|Win32
		{2EA0BDC3-E36E-49F3-A0E3-588E196C3599}.Release|x64.ActiveCfg = Release|x64
		{2EA0BDC3-E36E-49F3-A0E3-588E196C3599}.Release|x64.Build.0 = Release|x64
		{2EA0BDC3-E36E-49F3-A0E3-588E196C3599}.Release|x86.ActiveCfg = Release|Win32
		{2EA0BDC3-E36E-49F3-A0E3-588E196C3599}.Release|x86.Build.0 = Release|Win32
		{191F6748-6368-48AA-B0CF-3A3D5927CBBA}.Debug|x64.ActiveCfg = Debug|x64
		{191F6748-6368-48AA-B0CF-3A3D5927CBBA}.Debug|x64.Build.0 = Debug|x64
		{191F6748-6368-48AA-B0CF-3A3D5927CBBA}.Debug|x86.ActiveCfg = Debug|Win32
		{191F6748-6368-48AA-B0CF-3A3D5927CBBA}.Debug|x86.Build.0 = Debug|Win32
		{191F6748-6368-48AA-B0CF-3A3D5927CBBA}.Release|x64.ActiveCfg = Release|x64
		{191F6748-6368-48AA-B0CF-3A3D5927CBBA}.Release|x64.Build.0 = Release|x64
		{191F6748-6368-48AA-B0CF-3A3D5927CBBA}.Release|x86.ActiveCfg = Release|Win32
		{191F6748-6368-48AA-B0CF-3A3D5927CBBA}.Release|x86.Build.0 = Release|Win32
		{CBE9B16C-18E9-4BAE-94E7-49A772178660}.Debug|x64.ActiveCfg = Debug|x64
		{CBE9B16C-18E9-4BAE-94E7-49A772178660}.Debug|x64.Build.0 = Debug|x64
		{CBE9B16C-18E9-4BAE-94E7-49A772178660}.Debug|x86.ActiveCfg = Debug|Win32
		{CBE9B16C-18E9-4BAE-94E7-49A772178660}.Debug|x86.Build.0 = Debug|Win32
		{CBE9B16C-18E9-4BAE-94E7-49A772178660}.Release|x64.ActiveCfg = Release|x64
		{CBE9B16C-18E9-4BAE-94E7-49A772178660}.Release|x64.Build.0 = Release|x64
		{CBE9B16C-18E9-4BAE-94E7-49A772178660}.Release|x86.ActiveCfg = Release|Win32
		{CBE9B16C-18E9-4BAE-94E7-49A772178660}.Release|x86.Build.0 = Release|Win32
		{6D4ADDC2-FA08-47F5-BF48-9C7B68F5676C}.Debug|x64.ActiveCfg = Debug|x64
		{6D4ADDC2-FA08-47F5-BF48-9C7B68F5676C}.Debug|x64.Build.0 = Debug|x64
		{6D4ADDC2-FA08-47F5-BF48-9C7B68F5676C}.Debug|x86.ActiveCfg = Debug|Win32
		{6D4ADDC2-FA08-47F5-BF48-9C7B68F5676C}.Debug|x86.Build.0 = Debug|Win32
		{6D4ADDC2-FA08-47F5-BF48-9C7B68F5676C}.Release|x64.ActiveCfg = Release|x64
		{6D4ADDC2-FA08-47F5-BF48-9C7B68F5676C}.Release|x64.Build.0 = Release|x64
		{6D4ADDC2-FA08-47F5-BF48-9C7B68F5676C}.Release|x86.ActiveCfg = Release|Win32
		{6D4ADDC2-FA08-47F5-BF48-9C7B68F5676C}.Release|x86.Build.0 = Release|Win32
		{02357DBA-5744-4CAA-87C0-D95F4FA80994}.Debug|x64.ActiveCfg = Debug|x64
		{02357DBA-5744-4CAA-87C0-D95F4FA80994}.Debug|x64.Build.0 = Debug|x64
		{02357DBA-5744-4CAA-87C0-D95F4FA80994}.Debug|x86.ActiveCfg = Debug|Win32
		{02357DBA-5744-4CAA-87C0-D95F4FA80994}.Debug|x86.Build.0 = Debug|Win32
		{02357DBA-5744-4CAA-87C0-D95F4FA80994}.Release|x64.ActiveCfg = Release|x64
		{02357DBA-5744-4CAA-87C0-D95F4FA80994}.Release|x64.Build.0 = Release|x64
		{02357DBA-5744-4CAA-87C0-D95F4FA80994}.Release|x86.ActiveCfg = Release|Win32
		{02357DBA-5744-4CAA-87C0-D95F4FA80994}.Release|x86.Build.0 = Release|Win32
		{C3BAFE88-958F-4EAA-BDF2-54A90233B9DE}.Debug|x64.ActiveCfg = Debug|x64
		{C3BAFE88-958F-4EAA-BDF2-54A90233B9DE}.Debug|x64.Build.0 = Debug|x64
		{C3BAFE88-958F-4EAA-BDF2-54A90233B9DE}.Debug|x86.ActiveCfg = Debug|Win32
		{C3BAFE88-958F-4EAA-BDF2-54A90233B9DE}.Debug|x86.Build.0 = Debug|Win32
		{C3BAFE88-958F-4EAA-BDF2-54A90233B9DE}.Release|x64.ActiveCfg = Release|x64
		{C3BAFE88-958F-4EAA-BDF2-54A90233B9DE}.Release|x64.Build.0 = Release|x64
		{C3BAFE88-958F-4EAA-BDF2-54A90233B9DE}.Release|x86.ActiveCfg = Release|Win32
		{C3BAFE88-958F-4EAA-BDF2-54A90233B9DE}.Release|x86.Build.0 = Release|Win32
		{9209F50E-57A3-46C7-B010-3366FF1722D1}.Debug|x64.ActiveCfg = Debug|x64
		{9209F50E-57A3-46C7-B010-3366FF1722D1}.Debug|x64.Build.0 = Debug|x64
		{9209F50E-57A3-46C7-B010-3366FF1722D1}.Debug|x86.ActiveCfg = Debug|Win32
		{9209F50E-57A3-46C7-B010-3366FF1722D1}.Debug|x86.Build.0 = Debug|Win32
		{9209F50E-57A3-46C7-B010-3366FF1722D1}.Release|x64.ActiveCfg = Release|x64
		{9209F50E-57A3-46C7-B010-3366FF1722D1}.Release|x64.Build.0 = Release|x64
		{9209F50E-57A3-46C7-B010-3366FF1722D1}.Release|x86.ActiveCfg = Release|Win32
		{9209F50E-57A3-46C7-B010-3366FF1722D1}.Release|x86.Build.0 = Release|Win32
		{EE3D4DE1-332E-4079-A980-217144E8AE82}.Debug|x64.ActiveCfg = Debug|x64
		{EE3D4DE1-332E-4079-A980-217144E8AE82}.Debug|x64.Build.0 = Debug|x64
		{EE3D4DE1-332E-4079-A980-217144E8AE82}.Debug|x86.ActiveCfg = Debug|Win32
		{EE3D4DE1-332E-4079-A980-217144E8AE82}.Debug|x86.Build.0 = Debug|Win32
		{EE3D4DE1-332E-4079-A980-217144E8AE82}.Release|x64.ActiveCfg = Release|x64
		{EE3D4DE1-332E-4079-A980-217144E8AE82}.Release|x64.Build.0 = Release|x64
		{EE3D4DE1-332E-4079-A980-217144E8AE82}.Release|x86.ActiveCfg = Release|Win32
		{EE3D4DE1-332E-4079-A980-217144E8AE82}.Release|x86.Build.0 = Release|Win32
		{0CAA9A47-45B8-4A32-AFD9-12A46DBE229B}.Debug|x64.ActiveCfg = Debug|x64
		{0CAA9A47-45B8-4A32-AFD9-12A46DBE229B}.Debug|x64.Build.0 = Debug|x64
		{0CAA9A47-45B8-4A32-AFD9-12A46DBE229B}.Debug|x86.ActiveCfg = Debug|Win32
		{0CAA9A47-45B8-4A32-AFD9-12A46DBE229B}.Debug|x86.Build.0 = Debug|Win32
		{0CAA9A47-45B8-4A32-AFD9-12A46DBE229B}.Release|x64.ActiveCfg = Release|x64
		{0CAA9A47-45B8-4A32-AFD9-12A46DBE229B}.Release|x64.Build.0 = Release|x64
		{0CAA9A47-45B8-4A32-AFD9-12A46DBE229B}.Release|x86.ActiveCfg = Release|Win32
		{0CAA9A47-45B8-4A32-AFD9-12A46DBE229B}.Release|x86.Build.0 = Release|Win32
		{8DE46B90-D327-46A6-87A9-A0FA2F640061}.Debug|x64.ActiveCfg = Debug|x64
		{8DE46B90-D327-46A6-87A9-A0FA2F640061}.Debug|x64.Build.0 = Debug|x64
		{8DE46B90-D327-46A6-87A9-A0FA2F640061}.Debug|x86.ActiveCfg = Debug|Win32
		{8DE46B90-D327-46A6-87A9-A0FA2F640061}.Debug|x86.Build.0 = Debug|Win32
		{8DE46B90-D327-46A6-87A9-A0FA2F640061}.Release|x64.ActiveCfg = Release|x64
		{8DE46B90-D327-46A6-87A9-A0FA2F640061}.Release|x64.Build.0 = Release|x64
		{8DE46B90-D327-46A6-87A9-A0FA2F640061}.Release|x86.ActiveCfg = Release|Win32
		{8DE46B90-D327-46A6-87A9-A0FA2F640061}.Release|x86.Build.0 = Release|Win32
		{D1D7F8B3-3082-4827-9A0B-6A05DEE78844}.Debug|x64.ActiveCfg = Debug|x64
		{D1D7F8B3-3082-4827-9A0B-6A05DEE78844}.Debug|x64.Build.0 = Debug|x64
		{D1D7F8B3-3082-4827-9A0B-6A05DEE78844}.Debug|x86.ActiveCfg = Debug|Win32
		{D1D7F8B3-3082-4827-9A0B-6A05DEE78844}.Debug|x86.Build.0 = Debug|Win32
		{D1D7F8B3-3082-4827-9A0B-6A05DEE78844}.Release|x64.ActiveCfg = Release|x64
		{D1D7F8B3-3082-4827-9A0B-6A05DEE78844}.Release|x64.Build.0 = Release|x64
		{D1D7F8B3-3082-4827-9A0B-6A05DEE78844}.Release|x86.ActiveCfg = Release|Win32
		{D1D7F8B3-3082-4827-9A0B-6A05DEE78844}.Release|x86.Build.0 = Release|Win32
		{74429D45-A81E-4B86-9CFC-4645CD55E98C}.Debug|x64.ActiveCfg = Debug|x64
		{74429D45-A81E-4B86-9CFC-4645CD55E98C}.Debug|x64.Build.0 = Debug|x64
		{74429D45-A81E-4B86-9CFC-4645CD55E98C}.Debug|x86.ActiveCfg = Debug|Win32
		{74429D45-A81E-4B86-9CFC-4645CD55E98C}.Debug|x86.Build.0 = Debug|Win32
		{74429D45-A81E-4B86-9CFC-4645CD55E98C}.Release|x64.ActiveCfg = Release|x64
		{74429D45-A81E-4B86-9CFC-4645CD55E98C}.Release|x64.Build.0 = Release|x64
		{74429D45-A81E-4B86-9CFC-4645CD55E98C}.Release|x86.ActiveCfg = Release|Win32
		{74429D45-A81E-4B86-9CFC-4645CD55E98C}.Release|x86.Build.0 = Release|Win32
		{546033C9-8373-48F0-A6A0-8145495727D9}.Debug|x64.ActiveCfg = Debug|x64
		{546033C9-8373-48F0-A6A0-8145495727D9}.Debug|x64.Build.0 = Debug|x64
		{546033C9-8373-48F0-A6A0-8145495727D9}.Debug|x86.ActiveCfg = Debug|Win32
		{546033C9-8373-48F0-A6A0-8145495727D9}.Debug|x86.Build.0 = Debug|Win32
		{546033C9-8373-48F0-A6A0-8145495727D9}.Release|x64.ActiveCfg = Release|x64
		{546033C9-8373-48F0-A6A0-8145495727D9}.Release|x64.Build.0 = Release|x64
		{546033C9-8373-48F0-A6A0-8145495727D9}.Release|x86.ActiveCfg = Release|Win32
		{546033C9-8373-48F0-A6A0-8145495727D9}.Release|x86.Build.0 = Release|Win32
		{08335F6F-BDD0-4E92-8F0D-01723F94B525}.Debug|x64.ActiveCfg = Debug|x64
		{08335F6F-BDD0-4E92-8F0D-01723F94B525}.Debug|x64.Build.0 = Debug|x64
		{08335F6F-BDD0-4E92-8F0D-01723F94B525}.Debug|x86.ActiveCfg = Debug|Win32
		{08335F6F-BDD0-4E92-8F0D-01723F94B525}.Debug|x86.Build.0 = Debug|Win32
		{08335F6F-BDD0-4E92-8F0D-01723F94B525}.Release|x64.ActiveCfg = Release|x64
		{08335F6F-BDD0-4E92-8F0D-01723F94B525}.Release|x64.Build.0 = Release|x64
		{08335F6F-BDD0-4E92-8F0D-01723F94B525}.Release|x86.ActiveCfg = Release|Win32
		{08335F6F-BDD0-4E92-8F0D-01723F94B525}.Release|x86.Build.0 = Release|Win32
		{71A657B4-1522-4390-AD1B-D1921AE290F1}.Debug|x64.ActiveCfg = Debug|x64
		{71A657B4-1522-4390-AD1B-D1921AE290F1}.Debug|x64.Build.0 = Debug|x64
		{71A657B4-1522-4390-AD1B-D1921AE290F1}.Debug|x86.ActiveCfg = Debug|Win32
		{71A657B4-1522-4390-AD1B-D1921AE290F1}.Debug|x86.Build.0 = Debug|Win32
		{71A657B4-1522-4390-AD1B-D1921AE290F1}.Release|x64.ActiveCfg = Release|x64
		{71A657B4-1522-4390-AD1B-D1921AE290F1}.Release|x64.Build.0 = Release|x64
		{71A657B4-1522-4390-AD1B-D1921AE290F1}.Release|x86.ActiveCfg = Release|Win32
		{71A657B4-1522-4390-AD1B-D1921AE290F1}.Release|x86.Build.0 = Release|Win32
		{75C6CF4C-A4BF-4F7E-B64B-E791BD3AF64D}.Debug|x64.ActiveCfg = Debug|x64
		{75C6CF4C-A4BF-4F7E-B64B-E791BD3AF64D}.Debug|x64.Build.0 = Debug|x64
		{75C6CF4C-A4BF-4F7E-B64B-E791BD3AF64D}.Debug|x86.ActiveCfg = Debug|Win32
		{75C6CF4C-A4BF-4F7E-B64B-E791BD3AF64D}.Debug|x86.Build.0 = Debug|Win32
		{75C6CF4C-A4BF-4F7E-B64B-E791BD3AF64D}.Release|x64.ActiveCfg = Release|x64
		{75C6CF4C-A4BF-4F7E-B64B-E791BD3AF64D}.Release|x64.Build.0 = Release|x64
		{75C6CF4C-A4BF-4F7E-B64B-E791BD3AF64D}.Release|x86.ActiveCfg = Release|Win32
		{75C6CF4C-A4BF-4F7E-B64B-E791BD3AF64D}.Release|x86.Build.0 = Release|Win32
		{3DC47FC4-D50D-4EA5-B6EE-AC87FA41C472}.Debug|x64.ActiveCfg = Debug|x64
		{3DC47FC4-D50D-4EA5-B6EE-AC87FA41C472}.Debug|x64.Build.0 = Debug|x64
		{3DC47FC4-D50D-4EA5-B6EE-AC87FA41C472}.Debug|x86.ActiveCfg = Debug|Win32
		{3DC47FC4-D50D-4EA5-B6EE-AC87FA41C472}.Debug|x86.Build.0 = Debug|Win32
		{3DC47FC4-D50D-4EA5-B6EE-AC87FA41C472}.Release|x64.ActiveCfg = Release|x64
		{3DC47FC4-D50D-4EA5-B6EE-AC87FA41C472}.Release|x64.Build.0 = Release|x64
		{3DC47FC4-D50D-4EA5-B6EE-AC87FA41C472}.Release|x86.ActiveCfg = Release|Win32
		{3DC47FC4-D50D-4EA5-B6EE-AC87FA41C472}.Release|x86.Build.0 = Release|Win32
		{1FF97B07-FE33-4D71-9A46-DDDF378552FB}.Debug|x64.ActiveCfg = Debug|x64
		{1FF97B07-FE33-4D71-9A46-DDDF378552FB}.Debug|x64.Build.0 = Debug|x64
		{1FF97B07-FE33-4D71-9A46-DDDF378552FB}.Debug|x86.ActiveCfg = Debug|Win32
		{1FF97B07-FE33-4D71-9A46-DDDF378552FB}.Debug|x86.Build.0 = Debug|Win32
		{1FF97B07-FE33-4D71-9A46-DDDF378552FB}.Release|x64.ActiveCfg = Release|x64
		{1FF97B07-FE33-4D71-9A46-DDDF378552FB}.Release|x64.Build.0 = Release|x64
		{1FF97B07-FE33-4D71-9A46-DDDF378552FB}.Release|x86.ActiveCfg = Release|Win32
		{1FF97B07-FE33-4D71-9A46-DDDF378552FB}.Release|x86.Build.0 = Release|Win32
		{1BCBEBCF-AD05-4E23-970C-F65DCEA9A1C7}.Debug|x64.ActiveCfg = Debug|x64
		{1BCBEBCF-AD05-4E23-970C-F65DCEA9A1C7}.Debug|x64.Build.0 = Debug|x64
		{1BCBEBCF-AD05-4E23-970C-F65DCEA9A1C7}.Debug|x86.ActiveCfg = Debug|Win32
		{1BCBEBCF-AD05-4E23-970C-F65DCEA9A1C7}.Debug|x86.Build.0 = Debug|Win32
		{1BCBEBCF-AD05-4E23-970C-F65DCEA9A1C7}.Release|x64.ActiveCfg = Release|x64
		{1BCBEBCF-AD05-4E23-970C-F65DCEA9A1C7}.Release|x64.Build.0 = Release|x64
		{1BCBEBCF-AD05-4E23-970C-F65DCEA9A1C7}.Release|x86.ActiveCfg = Release|Win32
		{1BCBEBCF-AD05-4E23-970C-F65DCEA9A1C7}.Release|x86.Build.0 = Release|Win32
	EndGlobalSection
	GlobalSection(SolutionProperties) = preSolution
		HideSolutionNode = FALSE
	EndGlobalSection
	GlobalSection(ExtensibilityGlobals) = postSolution
		SolutionGuid = {B0E39990-3C4D-49D9-AB01-89C0ABA3149E}
	EndGlobalSection
EndGlobal
